{
  "originHash" : "b0d8975aa19f1bb7106ae78f24de3911e84189892afc3b6fe6db19bcec9e631c",
  "pins" : [
    {
      "identity" : "grpc-swift",
      "kind" : "remoteSourceControl",
      "location" : "https://github.com/grpc/grpc-swift.git",
      "state" : {
        "revision" : "c4d6281784f50bf2e60d3af45e83be1194056062",
        "version" : "2.1.2"
      }
    },
    {
      "identity" : "swift-collections",
      "kind" : "remoteSourceControl",
      "location" : "https://github.com/apple/swift-collections.git",
      "state" : {
        "revision" : "671108c96644956dddcd89dd59c203dcdb36cec7",
        "version" : "1.1.4"
      }
    }
  ],
  "version" : 3
}
